
Microsoft Visual Studio Solution File, Format Version 12.00
# Visual Studio Version 17
VisualStudioVersion = 17.0.32002.185
MinimumVisualStudioVersion = 10.0.40219.1
Project("{9A19103F-16F7-4668-BE54-9A1E7A4F7556}") = "EntityLayer", "EntityLayer\EntityLayer.csproj", "{5BBFC7EE-0AAF-4770-B0DF-6E26B115916C}"
EndProject
Project("{9A19103F-16F7-4668-BE54-9A1E7A4F7556}") = "DataAccessLayer", "DataAccessLayer\DataAccessLayer.csproj", "{21FCE7B8-5B7B-4993-936D-353BC995FF75}"
EndProject
Project("{9A19103F-16F7-4668-BE54-9A1E7A4F7556}") = "BusinessLayer", "BusinessLayer\BusinessLayer.csproj", "{D9FB89A9-E07B-4E1E-9742-C14A346BEFAF}"
EndProject
Project("{9A19103F-16F7-4668-BE54-9A1E7A4F7556}") = "CoreLayer", "CoreLayer\CoreLayer.csproj", "{F873E950-AD64-4919-9CF4-D0108743D64C}"
EndProject
Project("{9A19103F-16F7-4668-BE54-9A1E7A4F7556}") = "PresentationLayer", "PresentationLayer\PresentationLayer.csproj", "{78F674B7-B3C0-439E-B1C7-2B33B6E61090}"
EndProject
Project("{FAE04EC0-301F-11D3-BF4B-00C04F79EFBC}") = "BlogApiDemo", "BlogApiDemo\BlogApiDemo.csproj", "{851F3532-072C-45F9-9C0C-021DA617480E}"
EndProject
Global
	GlobalSection(SolutionConfigurationPlatforms) = preSolution
		Debug|Any CPU = Debug|Any CPU
		Release|Any CPU = Release|Any CPU
	EndGlobalSection
	GlobalSection(ProjectConfigurationPlatforms) = postSolution
		{5BBFC7EE-0AAF-4770-B0DF-6E26B115916C}.Debug|Any CPU.ActiveCfg = Debug|Any CPU
		{5BBFC7EE-0AAF-4770-B0DF-6E26B115916C}.Debug|Any CPU.Build.0 = Debug|Any CPU
		{5BBFC7EE-0AAF-4770-B0DF-6E26B115916C}.Release|Any CPU.ActiveCfg = Release|Any CPU
		{5BBFC7EE-0AAF-4770-B0DF-6E26B115916C}.Release|Any CPU.Build.0 = Release|Any CPU
		{21FCE7B8-5B7B-4993-936D-353BC995FF75}.Debug|Any CPU.ActiveCfg = Debug|Any CPU
		{21FCE7B8-5B7B-4993-936D-353BC995FF75}.Debug|Any CPU.Build.0 = Debug|Any CPU
		{21FCE7B8-5B7B-4993-936D-353BC995FF75}.Release|Any CPU.ActiveCfg = Release|Any CPU
		{21FCE7B8-5B7B-4993-936D-353BC995FF75}.Release|Any CPU.Build.0 = Release|Any CPU
		{D9FB89A9-E07B-4E1E-9742-C14A346BEFAF}.Debug|Any CPU.ActiveCfg = Debug|Any CPU
		{D9FB89A9-E07B-4E1E-9742-C14A346BEFAF}.Debug|Any CPU.Build.0 = Debug|Any CPU
		{D9FB89A9-E07B-4E1E-9742-C14A346BEFAF}.Release|Any CPU.ActiveCfg = Release|Any CPU
		{D9FB89A9-E07B-4E1E-9742-C14A346BEFAF}.Release|Any CPU.Build.0 = Release|Any CPU
		{F873E950-AD64-4919-9CF4-D0108743D64C}.Debug|Any CPU.ActiveCfg = Debug|Any CPU
		{F873E950-AD64-4919-9CF4-D0108743D64C}.Debug|Any CPU.Build.0 = Debug|Any CPU
		{F873E950-AD64-4919-9CF4-D0108743D64C}.Release|Any CPU.ActiveCfg = Release|Any CPU
		{F873E950-AD64-4919-9CF4-D0108743D64C}.Release|Any CPU.Build.0 = Release|Any CPU
		{78F674B7-B3C0-439E-B1C7-2B33B6E61090}.Debug|Any CPU.ActiveCfg = Debug|Any CPU
		{78F674B7-B3C0-439E-B1C7-2B33B6E61090}.Debug|Any CPU.Build.0 = Debug|Any CPU
		{78F674B7-B3C0-439E-B1C7-2B33B6E61090}.Release|Any CPU.ActiveCfg = Release|Any CPU
		{78F674B7-B3C0-439E-B1C7-2B33B6E61090}.Release|Any CPU.Build.0 = Release|Any CPU
		{851F3532-072C-45F9-9C0C-021DA617480E}.Debug|Any CPU.ActiveCfg = Debug|Any CPU
		{851F3532-072C-45F9-9C0C-021DA617480E}.Debug|Any CPU.Build.0 = Debug|Any CPU
		{851F3532-072C-45F9-9C0C-021DA617480E}.Release|Any CPU.ActiveCfg = Release|Any CPU
		{851F3532-072C-45F9-9C0C-021DA617480E}.Release|Any CPU.Build.0 = Release|Any CPU
	EndGlobalSection
	GlobalSection(SolutionProperties) = preSolution
		HideSolutionNode = FALSE
	EndGlobalSection
	GlobalSection(ExtensibilityGlobals) = postSolution
		SolutionGuid = {194889DD-1EB4-4625-90BA-0B07B7BAD1E3}
	EndGlobalSection
EndGlobal
